
Microsoft Visual Studio Solution File, Format Version 12.00
# Visual Studio 15
VisualStudioVersion = 15.0.27130.2036
MinimumVisualStudioVersion = 10.0.40219.1
Project("{2150E333-8FDC-42A3-9474-1A3956D46DE8}") = "Repo Files", "Repo Files", "{3A001F0B-0CF3-4D26-A9EE-0172340BDD30}"
	ProjectSection(SolutionItems) = preProject
		..\.gitattributes = ..\.gitattributes
		..\.gitignore = ..\.gitignore
		..\LICENSE = ..\LICENSE
		..\README.md = ..\README.md
	EndProjectSection
EndProject
Project("{8BC9CEB8-8B4A-11D0-8D11-00A0C91BC942}") = "yolk-test", "yolk-test.vcxproj", "{F6D77923-DA76-4356-9A6E-E0790A422FE7}"
EndProject
Project("{8BC9CEB8-8B4A-11D0-8D11-00A0C91BC942}") = "yolk", "yolk.vcxproj", "{05A72EA2-0B14-4E92-86F1-C98E7FDFFBBA}"
EndProject
Project("{2150E333-8FDC-42A3-9474-1A3956D46DE8}") = "Auxiliary Files", "Auxiliary Files", "{3A0C1E75-6808-444E-AAF5-812F75DFEDA8}"
	ProjectSection(SolutionItems) = preProject
		..\auxiliary\egg.bnf.txt = ..\auxiliary\egg.bnf.txt
		..\auxiliary\egg.vm.txt = ..\auxiliary\egg.vm.txt
	EndProjectSection
EndProject
Project("{8BC9CEB8-8B4A-11D0-8D11-00A0C91BC942}") = "gcc-make", "gcc-make.vcxproj", "{D61691B1-272F-405E-86A2-C790973D6B90}"
EndProject
Project("{8BC9CEB8-8B4A-11D0-8D11-00A0C91BC942}") = "ovum", "ovum.vcxproj", "{F14E6F85-CA7D-4354-BF37-182DE71D4FBA}"
EndProject
Project("{8BC9CEB8-8B4A-11D0-8D11-00A0C91BC942}") = "ovum-test", "ovum-test.vcxproj", "{31239C03-4A93-4DFD-BC85-4C1EC0C59B02}"
EndProject
Global
	GlobalSection(SolutionConfigurationPlatforms) = preSolution
		Debug|x64 = Debug|x64
		Debug|x86 = Debug|x86
		Release|x64 = Release|x64
		Release|x86 = Release|x86
	EndGlobalSection
	GlobalSection(ProjectConfigurationPlatforms) = postSolution
		{F6D77923-DA76-4356-9A6E-E0790A422FE7}.Debug|x64.ActiveCfg = Debug|x64
		{F6D77923-DA76-4356-9A6E-E0790A422FE7}.Debug|x64.Build.0 = Debug|x64
		{F6D77923-DA76-4356-9A6E-E0790A422FE7}.Debug|x86.ActiveCfg = Debug|Win32
		{F6D77923-DA76-4356-9A6E-E0790A422FE7}.Debug|x86.Build.0 = Debug|Win32
		{F6D77923-DA76-4356-9A6E-E0790A422FE7}.Release|x64.ActiveCfg = Release|x64
		{F6D77923-DA76-4356-9A6E-E0790A422FE7}.Release|x64.Build.0 = Release|x64
		{F6D77923-DA76-4356-9A6E-E0790A422FE7}.Release|x86.ActiveCfg = Release|Win32
		{F6D77923-DA76-4356-9A6E-E0790A422FE7}.Release|x86.Build.0 = Release|Win32
		{05A72EA2-0B14-4E92-86F1-C98E7FDFFBBA}.Debug|x64.ActiveCfg = Debug|x64
		{05A72EA2-0B14-4E92-86F1-C98E7FDFFBBA}.Debug|x64.Build.0 = Debug|x64
		{05A72EA2-0B14-4E92-86F1-C98E7FDFFBBA}.Debug|x86.ActiveCfg = Debug|Win32
		{05A72EA2-0B14-4E92-86F1-C98E7FDFFBBA}.Debug|x86.Build.0 = Debug|Win32
		{05A72EA2-0B14-4E92-86F1-C98E7FDFFBBA}.Release|x64.ActiveCfg = Release|x64
		{05A72EA2-0B14-4E92-86F1-C98E7FDFFBBA}.Release|x64.Build.0 = Release|x64
		{05A72EA2-0B14-4E92-86F1-C98E7FDFFBBA}.Release|x86.ActiveCfg = Release|Win32
		{05A72EA2-0B14-4E92-86F1-C98E7FDFFBBA}.Release|x86.Build.0 = Release|Win32
		{D61691B1-272F-405E-86A2-C790973D6B90}.Debug|x64.ActiveCfg = Debug|x64
		{D61691B1-272F-405E-86A2-C790973D6B90}.Debug|x64.Build.0 = Debug|x64
		{D61691B1-272F-405E-86A2-C790973D6B90}.Debug|x86.ActiveCfg = Debug|Win32
		{D61691B1-272F-405E-86A2-C790973D6B90}.Debug|x86.Build.0 = Debug|Win32
		{D61691B1-272F-405E-86A2-C790973D6B90}.Release|x64.ActiveCfg = Release|x64
		{D61691B1-272F-405E-86A2-C790973D6B90}.Release|x64.Build.0 = Release|x64
		{D61691B1-272F-405E-86A2-C790973D6B90}.Release|x86.ActiveCfg = Release|Win32
		{D61691B1-272F-405E-86A2-C790973D6B90}.Release|x86.Build.0 = Release|Win32
		{F14E6F85-CA7D-4354-BF37-182DE71D4FBA}.Debug|x64.ActiveCfg = Debug|x64
		{F14E6F85-CA7D-4354-BF37-182DE71D4FBA}.Debug|x64.Build.0 = Debug|x64
		{F14E6F85-CA7D-4354-BF37-182DE71D4FBA}.Debug|x86.ActiveCfg = Debug|Win32
		{F14E6F85-CA7D-4354-BF37-182DE71D4FBA}.Debug|x86.Build.0 = Debug|Win32
		{F14E6F85-CA7D-4354-BF37-182DE71D4FBA}.Release|x64.ActiveCfg = Release|x64
		{F14E6F85-CA7D-4354-BF37-182DE71D4FBA}.Release|x64.Build.0 = Release|x64
		{F14E6F85-CA7D-4354-BF37-182DE71D4FBA}.Release|x86.ActiveCfg = Release|Win32
		{F14E6F85-CA7D-4354-BF37-182DE71D4FBA}.Release|x86.Build.0 = Release|Win32
		{31239C03-4A93-4DFD-BC85-4C1EC0C59B02}.Debug|x64.ActiveCfg = Debug|x64
		{31239C03-4A93-4DFD-BC85-4C1EC0C59B02}.Debug|x64.Build.0 = Debug|x64
		{31239C03-4A93-4DFD-BC85-4C1EC0C59B02}.Debug|x86.ActiveCfg = Debug|Win32
		{31239C03-4A93-4DFD-BC85-4C1EC0C59B02}.Debug|x86.Build.0 = Debug|Win32
		{31239C03-4A93-4DFD-BC85-4C1EC0C59B02}.Release|x64.ActiveCfg = Release|x64
		{31239C03-4A93-4DFD-BC85-4C1EC0C59B02}.Release|x64.Build.0 = Release|x64
		{31239C03-4A93-4DFD-BC85-4C1EC0C59B02}.Release|x86.ActiveCfg = Release|Win32
		{31239C03-4A93-4DFD-BC85-4C1EC0C59B02}.Release|x86.Build.0 = Release|Win32
	EndGlobalSection
	GlobalSection(SolutionProperties) = preSolution
		HideSolutionNode = FALSE
	EndGlobalSection
	GlobalSection(ExtensibilityGlobals) = postSolution
		SolutionGuid = {2DF38191-CD53-4856-9110-06DE454AA391}
	EndGlobalSection
EndGlobal
