<?xml version="1.0" encoding="utf-8"?>
<Project ToolsVersion="4.0" xmlns="http://schemas.microsoft.com/developer/msbuild/2003">
  <ItemGroup>
    <Filter Include="Source Files">
      <UniqueIdentifier>{d8457cae-5f32-44b8-a286-2c7e4006bf87}</UniqueIdentifier>
      <Extensions>.cpp</Extensions>
    </Filter>
    <Filter Include="Header Files">
      <UniqueIdentifier>{9f24feef-2bc8-43f1-b938-a7ba61c99934}</UniqueIdentifier>
      <Extensions>.h</Extensions>
    </Filter>
  </ItemGroup>
  <ItemGroup>
    <ClCompile Include="ovum.pch.cpp">
      <Filter>Source Files</Filter>
    </ClCompile>
    <ClCompile Include="..\ovum\memory.cpp">
      <Filter>Source Files</Filter>
    </ClCompile>
    <ClCompile Include="..\ovum\string.cpp">
      <Filter>Source Files</Filter>
    </ClCompile>
    <ClCompile Include="..\ovum\vanilla.cpp">
      <Filter>Source Files</Filter>
    </ClCompile>
    <ClCompile Include="..\ovum\variant.cpp">
      <Filter>Source Files</Filter>
    </ClCompile>
    <ClCompile Include="..\ovum\basket.cpp">
      <Filter>Source Files</Filter>
    </ClCompile>
  </ItemGroup>
  <ItemGroup>
    <ClInclude Include="..\ovum\ovum.h">
      <Filter>Header Files</Filter>
    </ClInclude>
    <ClInclude Include="..\ovum\vm.h">
      <Filter>Header Files</Filter>
    </ClInclude>
    <ClInclude Include="..\ovum\factories.h">
      <Filter>Header Files</Filter>
    </ClInclude>
    <ClInclude Include="..\ovum\utf8.h">
      <Filter>Header Files</Filter>
    </ClInclude>
    <ClInclude Include="..\ovum\variant.h">
      <Filter>Header Files</Filter>
    </ClInclude>
    <ClInclude Include="..\ovum\interfaces.h">
      <Filter>Header Files</Filter>
    </ClInclude>
  </ItemGroup>
</Project>