<?xml version="1.0" encoding="utf-8"?>
<Project ToolsVersion="4.0" xmlns="http://schemas.microsoft.com/developer/msbuild/2003">
  <ItemGroup>
    <Filter Include="Source Files">
      <UniqueIdentifier>{d8457cae-5f32-44b8-a286-2c7e4006bf87}</UniqueIdentifier>
      <Extensions>.cpp</Extensions>
    </Filter>
    <Filter Include="Header Files">
      <UniqueIdentifier>{9f24feef-2bc8-43f1-b938-a7ba61c99934}</UniqueIdentifier>
      <Extensions>.h</Extensions>
    </Filter>
  </ItemGroup>
  <ItemGroup>
    <ClCompile Include="ovum.pch.cpp">
      <Filter>Source Files</Filter>
    </ClCompile>
  </ItemGroup>
  <ItemGroup>
    <ClInclude Include="..\ovum\dictionaries.h">
      <Filter>Header Files</Filter>
    </ClInclude>
    <ClInclude Include="..\ovum\egged-tokenizer.h">
      <Filter>Header Files</Filter>
    </ClInclude>
    <ClInclude Include="..\ovum\egg-engine.h">
      <Filter>Header Files</Filter>
    </ClInclude>
    <ClInclude Include="..\ovum\egg-parser.h">
      <Filter>Header Files</Filter>
    </ClInclude>
    <ClInclude Include="..\ovum\egg-program.h">
      <Filter>Header Files</Filter>
    </ClInclude>
    <ClInclude Include="..\ovum\egg-syntax.h">
      <Filter>Header Files</Filter>
    </ClInclude>
    <ClInclude Include="..\ovum\egg-tokenizer.h">
      <Filter>Header Files</Filter>
    </ClInclude>
    <ClInclude Include="..\ovum\exceptions.h">
      <Filter>Header Files</Filter>
    </ClInclude>
    <ClInclude Include="..\ovum\files.h">
      <Filter>Header Files</Filter>
    </ClInclude>
    <ClInclude Include="..\ovum\functions.h">
      <Filter>Header Files</Filter>
    </ClInclude>
    <ClInclude Include="..\ovum\gc.h">
      <Filter>Header Files</Filter>
    </ClInclude>
    <ClInclude Include="..\ovum\json-tokenizer.h">
      <Filter>Header Files</Filter>
    </ClInclude>
    <ClInclude Include="..\ovum\lang.h">
      <Filter>Header Files</Filter>
    </ClInclude>
    <ClInclude Include="..\ovum\lexer.h">
      <Filter>Header Files</Filter>
    </ClInclude>
    <ClInclude Include="..\ovum\lexers.h">
      <Filter>Header Files</Filter>
    </ClInclude>
    <ClInclude Include="..\ovum\macros.h">
      <Filter>Header Files</Filter>
    </ClInclude>
    <ClInclude Include="..\ovum\platform.h">
      <Filter>Header Files</Filter>
    </ClInclude>
    <ClInclude Include="..\ovum\program.h">
      <Filter>Header Files</Filter>
    </ClInclude>
    <ClInclude Include="..\ovum\streams.h">
      <Filter>Header Files</Filter>
    </ClInclude>
    <ClInclude Include="..\ovum\strings.h">
      <Filter>Header Files</Filter>
    </ClInclude>
    <ClInclude Include="..\ovum\test.h">
      <Filter>Header Files</Filter>
    </ClInclude>
    <ClInclude Include="..\ovum\utf.h">
      <Filter>Header Files</Filter>
    </ClInclude>
    <ClInclude Include="..\ovum\ovum.h">
      <Filter>Header Files</Filter>
    </ClInclude>
  </ItemGroup>
</Project>