<?xml version="1.0" encoding="utf-8"?>
<Project ToolsVersion="4.0" xmlns="http://schemas.microsoft.com/developer/msbuild/2003">
  <ItemGroup>
    <Filter Include="Source Files">
      <UniqueIdentifier>{d8457cae-5f32-44b8-a286-2c7e4006bf87}</UniqueIdentifier>
      <Extensions>.cpp</Extensions>
    </Filter>
    <Filter Include="Header Files">
      <UniqueIdentifier>{9f24feef-2bc8-43f1-b938-a7ba61c99934}</UniqueIdentifier>
      <Extensions>.h</Extensions>
    </Filter>
  </ItemGroup>
  <ItemGroup>
    <ClCompile Include="ovum.pch.cpp">
      <Filter>Source Files</Filter>
    </ClCompile>
    <ClCompile Include="..\ovum\memory.cpp">
      <Filter>Source Files</Filter>
    </ClCompile>
    <ClCompile Include="..\ovum\string.cpp">
      <Filter>Source Files</Filter>
    </ClCompile>
    <ClCompile Include="..\ovum\basket.cpp">
      <Filter>Source Files</Filter>
    </ClCompile>
    <ClCompile Include="..\ovum\module.cpp">
      <Filter>Source Files</Filter>
    </ClCompile>
    <ClCompile Include="..\ovum\node.cpp">
      <Filter>Source Files</Filter>
    </ClCompile>
    <ClCompile Include="..\ovum\context.cpp">
      <Filter>Source Files</Filter>
    </ClCompile>
    <ClCompile Include="..\ovum\value.cpp">
      <Filter>Source Files</Filter>
    </ClCompile>
    <ClCompile Include="..\ovum\type.cpp">
      <Filter>Source Files</Filter>
    </ClCompile>
    <ClCompile Include="..\ovum\arithmetic.cpp">
      <Filter>Source Files</Filter>
    </ClCompile>
    <ClCompile Include="..\ovum\object.cpp">
      <Filter>Source Files</Filter>
    </ClCompile>
    <ClCompile Include="..\ovum\print.cpp">
      <Filter>Source Files</Filter>
    </ClCompile>
    <ClCompile Include="..\ovum\program.cpp">
      <Filter>Source Files</Filter>
    </ClCompile>
    <ClCompile Include="..\ovum\builtin.cpp">
      <Filter>Source Files</Filter>
    </ClCompile>
    <ClCompile Include="..\ovum\slot.cpp">
      <Filter>Source Files</Filter>
    </ClCompile>
    <ClCompile Include="..\ovum\error.cpp">
      <Filter>Source Files</Filter>
    </ClCompile>
  </ItemGroup>
  <ItemGroup>
    <ClInclude Include="..\ovum\ovum.h">
      <Filter>Header Files</Filter>
    </ClInclude>
    <ClInclude Include="..\ovum\interfaces.h">
      <Filter>Header Files</Filter>
    </ClInclude>
    <ClInclude Include="..\ovum\vm.h">
      <Filter>Header Files</Filter>
    </ClInclude>
    <ClInclude Include="..\ovum\module.h">
      <Filter>Header Files</Filter>
    </ClInclude>
    <ClInclude Include="..\ovum\utility.h">
      <Filter>Header Files</Filter>
    </ClInclude>
    <ClInclude Include="..\ovum\node.h">
      <Filter>Header Files</Filter>
    </ClInclude>
    <ClInclude Include="..\ovum\test.h">
      <Filter>Header Files</Filter>
    </ClInclude>
    <ClInclude Include="..\ovum\string.h">
      <Filter>Header Files</Filter>
    </ClInclude>
    <ClInclude Include="..\ovum\utf.h">
      <Filter>Header Files</Filter>
    </ClInclude>
    <ClInclude Include="..\ovum\context.h">
      <Filter>Header Files</Filter>
    </ClInclude>
    <ClInclude Include="..\ovum\type.h">
      <Filter>Header Files</Filter>
    </ClInclude>
    <ClInclude Include="..\ovum\program.h">
      <Filter>Header Files</Filter>
    </ClInclude>
    <ClInclude Include="..\ovum\dictionary.h">
      <Filter>Header Files</Filter>
    </ClInclude>
    <ClInclude Include="..\ovum\value.h">
      <Filter>Header Files</Filter>
    </ClInclude>
    <ClInclude Include="..\ovum\arithmetic.h">
      <Filter>Header Files</Filter>
    </ClInclude>
    <ClInclude Include="..\ovum\platform.h">
      <Filter>Header Files</Filter>
    </ClInclude>
    <ClInclude Include="..\ovum\memory.h">
      <Filter>Header Files</Filter>
    </ClInclude>
    <ClInclude Include="..\ovum\basket.h">
      <Filter>Header Files</Filter>
    </ClInclude>
    <ClInclude Include="..\ovum\object.h">
      <Filter>Header Files</Filter>
    </ClInclude>
    <ClInclude Include="..\ovum\print.h">
      <Filter>Header Files</Filter>
    </ClInclude>
    <ClInclude Include="..\ovum\slot.h">
      <Filter>Header Files</Filter>
    </ClInclude>
    <ClInclude Include="..\ovum\error.h">
      <Filter>Header Files</Filter>
    </ClInclude>
  </ItemGroup>
</Project>