<?xml version="1.0" encoding="utf-8"?>
<Project ToolsVersion="4.0" xmlns="http://schemas.microsoft.com/developer/msbuild/2003">
  <ItemGroup>
    <Filter Include="Data Files">
      <UniqueIdentifier>{014777ce-0e38-45b5-8346-7cc09301dee5}</UniqueIdentifier>
    </Filter>
    <Filter Include="Test Files">
      <UniqueIdentifier>{f8183c1a-ec54-45fd-ba1d-9f1205a078b1}</UniqueIdentifier>
      <Extensions>.cpp</Extensions>
    </Filter>
    <Filter Include="Infrastructure Files">
      <UniqueIdentifier>{f884b53c-e808-4a36-9d86-19d78ed1199d}</UniqueIdentifier>
    </Filter>
  </ItemGroup>
  <ItemGroup>
    <ClCompile Include="..\ovum\test\testing.cpp">
      <Filter>Test Files</Filter>
    </ClCompile>
    <ClCompile Include="..\ovum\test\gtest.cpp">
      <Filter>Infrastructure Files</Filter>
    </ClCompile>
    <ClCompile Include="ovum-test.pch.cpp">
      <Filter>Infrastructure Files</Filter>
    </ClCompile>
    <ClCompile Include="..\ovum\test\memory.cpp">
      <Filter>Test Files</Filter>
    </ClCompile>
    <ClCompile Include="..\ovum\test\string.cpp">
      <Filter>Test Files</Filter>
    </ClCompile>
    <ClCompile Include="..\ovum\test\variant.cpp">
      <Filter>Test Files</Filter>
    </ClCompile>
    <ClCompile Include="..\ovum\test\module.cpp">
      <Filter>Test Files</Filter>
    </ClCompile>
    <ClCompile Include="..\ovum\test\node.cpp">
      <Filter>Test Files</Filter>
    </ClCompile>
    <ClCompile Include="..\ovum\test\utility.cpp">
      <Filter>Test Files</Filter>
    </ClCompile>
  </ItemGroup>
  <ItemGroup>
    <ClInclude Include="..\ovum\test\gtest.h">
      <Filter>Infrastructure Files</Filter>
    </ClInclude>
    <ClInclude Include="..\ovum\test.h">
      <Filter>Infrastructure Files</Filter>
    </ClInclude>
  </ItemGroup>
</Project>