<?xml version="1.0" encoding="utf-8"?>
<Project ToolsVersion="4.0" xmlns="http://schemas.microsoft.com/developer/msbuild/2003">
  <ItemGroup>
    <Filter Include="Source Files">
      <UniqueIdentifier>{d8457cae-5f32-44b8-a286-2c7e4006bf87}</UniqueIdentifier>
      <Extensions>.cpp</Extensions>
    </Filter>
    <Filter Include="Header Files">
      <UniqueIdentifier>{9f24feef-2bc8-43f1-b938-a7ba61c99934}</UniqueIdentifier>
      <Extensions>.h</Extensions>
    </Filter>
  </ItemGroup>
  <ItemGroup>
    <ClCompile Include="yolk.pch.cpp">
      <Filter>Source Files</Filter>
    </ClCompile>
    <ClCompile Include="..\yolk\builtins.cpp">
      <Filter>Source Files</Filter>
    </ClCompile>
    <ClCompile Include="..\yolk\egged-tokenizer.cpp">
      <Filter>Source Files</Filter>
    </ClCompile>
    <ClCompile Include="..\yolk\egg-engine.cpp">
      <Filter>Source Files</Filter>
    </ClCompile>
    <ClCompile Include="..\yolk\egg-execute.cpp">
      <Filter>Source Files</Filter>
    </ClCompile>
    <ClCompile Include="..\yolk\egg-parser.cpp">
      <Filter>Source Files</Filter>
    </ClCompile>
    <ClCompile Include="..\yolk\egg-prepare.cpp">
      <Filter>Source Files</Filter>
    </ClCompile>
    <ClCompile Include="..\yolk\egg-program.cpp">
      <Filter>Source Files</Filter>
    </ClCompile>
    <ClCompile Include="..\yolk\egg-syntax.cpp">
      <Filter>Source Files</Filter>
    </ClCompile>
    <ClCompile Include="..\yolk\egg-tokenizer.cpp">
      <Filter>Source Files</Filter>
    </ClCompile>
    <ClCompile Include="..\yolk\egg-vanilla.cpp">
      <Filter>Source Files</Filter>
    </ClCompile>
    <ClCompile Include="..\yolk\exceptions.cpp">
      <Filter>Source Files</Filter>
    </ClCompile>
    <ClCompile Include="..\yolk\files.cpp">
      <Filter>Source Files</Filter>
    </ClCompile>
    <ClCompile Include="..\yolk\functions.cpp">
      <Filter>Source Files</Filter>
    </ClCompile>
    <ClCompile Include="..\yolk\json-tokenizer.cpp">
      <Filter>Source Files</Filter>
    </ClCompile>
    <ClCompile Include="..\yolk\lang.cpp">
      <Filter>Source Files</Filter>
    </ClCompile>
    <ClCompile Include="..\yolk\lexers.cpp">
      <Filter>Source Files</Filter>
    </ClCompile>
    <ClCompile Include="..\yolk\program.cpp">
      <Filter>Source Files</Filter>
    </ClCompile>
    <ClCompile Include="..\yolk\streams.cpp">
      <Filter>Source Files</Filter>
    </ClCompile>
    <ClCompile Include="..\yolk\strings.cpp">
      <Filter>Source Files</Filter>
    </ClCompile>
  </ItemGroup>
  <ItemGroup>
    <ClInclude Include="..\yolk\dictionaries.h">
      <Filter>Header Files</Filter>
    </ClInclude>
    <ClInclude Include="..\yolk\egged-tokenizer.h">
      <Filter>Header Files</Filter>
    </ClInclude>
    <ClInclude Include="..\yolk\egg-engine.h">
      <Filter>Header Files</Filter>
    </ClInclude>
    <ClInclude Include="..\yolk\egg-parser.h">
      <Filter>Header Files</Filter>
    </ClInclude>
    <ClInclude Include="..\yolk\egg-program.h">
      <Filter>Header Files</Filter>
    </ClInclude>
    <ClInclude Include="..\yolk\egg-syntax.h">
      <Filter>Header Files</Filter>
    </ClInclude>
    <ClInclude Include="..\yolk\egg-tokenizer.h">
      <Filter>Header Files</Filter>
    </ClInclude>
    <ClInclude Include="..\yolk\exceptions.h">
      <Filter>Header Files</Filter>
    </ClInclude>
    <ClInclude Include="..\yolk\files.h">
      <Filter>Header Files</Filter>
    </ClInclude>
    <ClInclude Include="..\yolk\functions.h">
      <Filter>Header Files</Filter>
    </ClInclude>
    <ClInclude Include="..\yolk\json-tokenizer.h">
      <Filter>Header Files</Filter>
    </ClInclude>
    <ClInclude Include="..\yolk\lang.h">
      <Filter>Header Files</Filter>
    </ClInclude>
    <ClInclude Include="..\yolk\lexer.h">
      <Filter>Header Files</Filter>
    </ClInclude>
    <ClInclude Include="..\yolk\lexers.h">
      <Filter>Header Files</Filter>
    </ClInclude>
    <ClInclude Include="..\yolk\macros.h">
      <Filter>Header Files</Filter>
    </ClInclude>
    <ClInclude Include="..\yolk\platform.h">
      <Filter>Header Files</Filter>
    </ClInclude>
    <ClInclude Include="..\yolk\program.h">
      <Filter>Header Files</Filter>
    </ClInclude>
    <ClInclude Include="..\yolk\streams.h">
      <Filter>Header Files</Filter>
    </ClInclude>
    <ClInclude Include="..\yolk\strings.h">
      <Filter>Header Files</Filter>
    </ClInclude>
    <ClInclude Include="..\yolk\test.h">
      <Filter>Header Files</Filter>
    </ClInclude>
    <ClInclude Include="..\yolk\yolk.h">
      <Filter>Header Files</Filter>
    </ClInclude>
  </ItemGroup>
</Project>