<?xml version="1.0" encoding="utf-8"?>
<Project ToolsVersion="4.0" xmlns="http://schemas.microsoft.com/developer/msbuild/2003">
  <ItemGroup>
    <ClCompile Include="..\cpp\test\exceptions.cpp">
      <Filter>Test Files</Filter>
    </ClCompile>
    <ClCompile Include="..\cpp\test\files.cpp">
      <Filter>Test Files</Filter>
    </ClCompile>
    <ClCompile Include="..\cpp\test\streams.cpp">
      <Filter>Test Files</Filter>
    </ClCompile>
    <ClCompile Include="..\cpp\test\strings.cpp">
      <Filter>Test Files</Filter>
    </ClCompile>
    <ClCompile Include="..\cpp\test\lexers.cpp">
      <Filter>Test Files</Filter>
    </ClCompile>
    <ClCompile Include="test.pch.cpp">
      <Filter>Test Files</Filter>
    </ClCompile>
    <ClCompile Include="..\cpp\test\json-tokenizer.cpp">
      <Filter>Test Files</Filter>
    </ClCompile>
    <ClCompile Include="..\cpp\test\egged-tokenizer.cpp">
      <Filter>Test Files</Filter>
    </ClCompile>
    <ClCompile Include="..\cpp\test\egg-tokenizer.cpp">
      <Filter>Test Files</Filter>
    </ClCompile>
    <ClCompile Include="..\cpp\test\egg-parser.cpp">
      <Filter>Test Files</Filter>
    </ClCompile>
    <ClCompile Include="..\cpp\test\egg-syntax.cpp">
      <Filter>Test Files</Filter>
    </ClCompile>
    <ClCompile Include="..\cpp\test\egg-engine.cpp">
      <Filter>Test Files</Filter>
    </ClCompile>
    <ClCompile Include="..\cpp\test\examples.cpp">
      <Filter>Test Files</Filter>
    </ClCompile>
    <ClCompile Include="..\cpp\test\utf.cpp">
      <Filter>Test Files</Filter>
    </ClCompile>
    <ClCompile Include="..\cpp\test\dictionaries.cpp">
      <Filter>Test Files</Filter>
    </ClCompile>
  </ItemGroup>
  <ItemGroup>
    <Filter Include="Data Files">
      <UniqueIdentifier>{014777ce-0e38-45b5-8346-7cc09301dee5}</UniqueIdentifier>
    </Filter>
    <Filter Include="Test Files">
      <UniqueIdentifier>{f8183c1a-ec54-45fd-ba1d-9f1205a078b1}</UniqueIdentifier>
      <Extensions>.cpp</Extensions>
    </Filter>
    <Filter Include="Example Files">
      <UniqueIdentifier>{5a94480c-c1c0-4f87-ae70-ece0f8ebcf01}</UniqueIdentifier>
    </Filter>
  </ItemGroup>
  <ItemGroup>
    <None Include="..\cpp\test\data\example.egg">
      <Filter>Data Files</Filter>
    </None>
    <None Include="..\cpp\test\data\example.json">
      <Filter>Data Files</Filter>
    </None>
    <None Include="..\cpp\test\data\example.egd">
      <Filter>Data Files</Filter>
    </None>
    <None Include="..\cpp\test\data\working.egg">
      <Filter>Data Files</Filter>
    </None>
    <None Include="..\examples\example-0001.egg">
      <Filter>Example Files</Filter>
    </None>
    <None Include="..\examples\example-0002.egg">
      <Filter>Example Files</Filter>
    </None>
    <None Include="..\examples\example-0003.egg">
      <Filter>Example Files</Filter>
    </None>
    <None Include="..\examples\example-0004.egg">
      <Filter>Example Files</Filter>
    </None>
    <None Include="..\examples\example-0005.egg">
      <Filter>Example Files</Filter>
    </None>
    <None Include="..\examples\example-0006.egg">
      <Filter>Example Files</Filter>
    </None>
    <None Include="..\examples\example-0007.egg">
      <Filter>Example Files</Filter>
    </None>
    <None Include="..\examples\example-0008.egg">
      <Filter>Example Files</Filter>
    </None>
    <None Include="..\examples\example-0009.egg">
      <Filter>Example Files</Filter>
    </None>
    <None Include="..\examples\example-0010.egg">
      <Filter>Example Files</Filter>
    </None>
    <None Include="..\examples\example-0011.egg">
      <Filter>Example Files</Filter>
    </None>
    <None Include="..\examples\example-0012.egg">
      <Filter>Example Files</Filter>
    </None>
    <None Include="..\examples\example-0013.egg">
      <Filter>Example Files</Filter>
    </None>
    <None Include="..\examples\example-0014.egg">
      <Filter>Example Files</Filter>
    </None>
    <None Include="..\examples\example-0015.egg">
      <Filter>Example Files</Filter>
    </None>
    <None Include="..\examples\example-0016.egg">
      <Filter>Example Files</Filter>
    </None>
    <None Include="..\examples\example-0017.egg">
      <Filter>Example Files</Filter>
    </None>
    <None Include="..\examples\example-0018.egg">
      <Filter>Example Files</Filter>
    </None>
    <None Include="..\examples\example-0019.egg">
      <Filter>Example Files</Filter>
    </None>
    <None Include="..\examples\example-0020.egg">
      <Filter>Example Files</Filter>
    </None>
    <None Include="..\examples\example-0021.egg">
      <Filter>Example Files</Filter>
    </None>
    <None Include="..\examples\example-0022.egg">
      <Filter>Example Files</Filter>
    </None>
    <None Include="..\examples\example-0023.egg">
      <Filter>Example Files</Filter>
    </None>
    <None Include="..\examples\example-0024.egg">
      <Filter>Example Files</Filter>
    </None>
  </ItemGroup>
  <ItemGroup>
    <Text Include="..\cpp\test\data\utf-8-demo.bom.txt">
      <Filter>Data Files</Filter>
    </Text>
    <Text Include="..\cpp\test\data\utf-8-demo.txt">
      <Filter>Data Files</Filter>
    </Text>
    <Text Include="..\cpp\test\data\utf-8-demo.cr.txt">
      <Filter>Data Files</Filter>
    </Text>
    <Text Include="..\cpp\test\data\utf-8-demo.lf.txt">
      <Filter>Data Files</Filter>
    </Text>
  </ItemGroup>
</Project>