<?xml version="1.0" encoding="utf-8"?>
<Project ToolsVersion="4.0" xmlns="http://schemas.microsoft.com/developer/msbuild/2003">
  <ItemGroup>
    <None Include="$(EggRoot)\build.sh" />
    <None Include="$(EggRoot)\coverage.sh" />
    <None Include="$(EggRoot)\Makefile" />
    <None Include="$(EggRoot)\make\cygwin.mak" />
    <None Include="$(EggRoot)\make\gcc-common.mak" />
    <None Include="$(EggRoot)\make\gcc-coverage.mak" />
    <None Include="$(EggRoot)\make\gcc-debug.mak" />
    <None Include="$(EggRoot)\make\gcc-release.mak" />
    <None Include="$(EggRoot)\make\linux.mak" />
    <None Include="$(EggRoot)\make\mingw.mak" />
    <None Include="$(EggRoot)\make\wsl.mak" />
    <None Include="$(EggRoot)\runtest.cmd" />
    <None Include="$(EggRoot)\runtest.sh" />
    <None Include="$(EggRoot)\valgrind.sh" />
  </ItemGroup>
  <ItemGroup>
    <CustomBuild Include="$(EggRoot)\build.cmd" />
  </ItemGroup>
</Project>