<?xml version="1.0" encoding="utf-8"?>
<Project ToolsVersion="4.0" xmlns="http://schemas.microsoft.com/developer/msbuild/2003">
  <ItemGroup>
    <Filter Include="Source Files">
      <UniqueIdentifier>{d8457cae-5f32-44b8-a286-2c7e4006bf87}</UniqueIdentifier>
      <Extensions>.cpp</Extensions>
    </Filter>
    <Filter Include="Header Files">
      <UniqueIdentifier>{9f24feef-2bc8-43f1-b938-a7ba61c99934}</UniqueIdentifier>
      <Extensions>.h</Extensions>
    </Filter>
  </ItemGroup>
  <ItemGroup>
    <ClCompile Include="ovum.pch.cpp">
      <Filter>Source Files</Filter>
    </ClCompile>
    <ClCompile Include="..\ovum\value.cpp">
      <Filter>Source Files</Filter>
    </ClCompile>
    <ClCompile Include="..\ovum\string.cpp">
      <Filter>Source Files</Filter>
    </ClCompile>
    <ClCompile Include="..\ovum\print.cpp">
      <Filter>Source Files</Filter>
    </ClCompile>
    <ClCompile Include="..\ovum\memory.cpp">
      <Filter>Source Files</Filter>
    </ClCompile>
    <ClCompile Include="..\ovum\basket.cpp">
      <Filter>Source Files</Filter>
    </ClCompile>
    <ClCompile Include="..\ovum\arithmetic.cpp">
      <Filter>Source Files</Filter>
    </ClCompile>
    <ClCompile Include="..\ovum\type.cpp">
      <Filter>Source Files</Filter>
    </ClCompile>
    <ClCompile Include="..\ovum\vm.cpp">
      <Filter>Source Files</Filter>
    </ClCompile>
    <ClCompile Include="..\ovum\object.cpp">
      <Filter>Source Files</Filter>
    </ClCompile>
    <ClCompile Include="..\ovum\lexer.cpp">
      <Filter>Source Files</Filter>
    </ClCompile>
    <ClCompile Include="..\ovum\exception.cpp">
      <Filter>Source Files</Filter>
    </ClCompile>
    <ClCompile Include="..\ovum\file.cpp">
      <Filter>Source Files</Filter>
    </ClCompile>
    <ClCompile Include="..\ovum\stream.cpp">
      <Filter>Source Files</Filter>
    </ClCompile>
    <ClCompile Include="..\ovum\egg-tokenizer.cpp">
      <Filter>Source Files</Filter>
    </ClCompile>
    <ClCompile Include="..\ovum\eon-tokenizer.cpp">
      <Filter>Source Files</Filter>
    </ClCompile>
    <ClCompile Include="..\ovum\json-tokenizer.cpp">
      <Filter>Source Files</Filter>
    </ClCompile>
    <ClCompile Include="..\ovum\egg-parser.cpp">
      <Filter>Source Files</Filter>
    </ClCompile>
    <ClCompile Include="..\ovum\egg-compiler.cpp">
      <Filter>Source Files</Filter>
    </ClCompile>
    <ClCompile Include="..\ovum\version.cpp">
      <Filter>Source Files</Filter>
    </ClCompile>
    <ClCompile Include="..\ovum\os-file.cpp">
      <Filter>Source Files</Filter>
    </ClCompile>
    <ClCompile Include="..\ovum\os-process.cpp">
      <Filter>Source Files</Filter>
    </ClCompile>
    <ClCompile Include="..\ovum\os-embed.cpp">
      <Filter>Source Files</Filter>
    </ClCompile>
    <ClCompile Include="..\ovum\os-windows.cpp">
      <Filter>Source Files</Filter>
    </ClCompile>
  </ItemGroup>
  <ItemGroup>
    <ClInclude Include="..\ovum\arithmetic.h">
      <Filter>Header Files</Filter>
    </ClInclude>
    <ClInclude Include="..\ovum\basket.h">
      <Filter>Header Files</Filter>
    </ClInclude>
    <ClInclude Include="..\ovum\hardptr.h">
      <Filter>Header Files</Filter>
    </ClInclude>
    <ClInclude Include="..\ovum\interfaces.h">
      <Filter>Header Files</Filter>
    </ClInclude>
    <ClInclude Include="..\ovum\memory.h">
      <Filter>Header Files</Filter>
    </ClInclude>
    <ClInclude Include="..\ovum\ovum.h">
      <Filter>Header Files</Filter>
    </ClInclude>
    <ClInclude Include="..\ovum\platform.h">
      <Filter>Header Files</Filter>
    </ClInclude>
    <ClInclude Include="..\ovum\print.h">
      <Filter>Header Files</Filter>
    </ClInclude>
    <ClInclude Include="..\ovum\softptr.h">
      <Filter>Header Files</Filter>
    </ClInclude>
    <ClInclude Include="..\ovum\string.h">
      <Filter>Header Files</Filter>
    </ClInclude>
    <ClInclude Include="..\ovum\test.h">
      <Filter>Header Files</Filter>
    </ClInclude>
    <ClInclude Include="..\ovum\utf.h">
      <Filter>Header Files</Filter>
    </ClInclude>
    <ClInclude Include="..\ovum\utility.h">
      <Filter>Header Files</Filter>
    </ClInclude>
    <ClInclude Include="..\ovum\value.h">
      <Filter>Header Files</Filter>
    </ClInclude>
    <ClInclude Include="..\ovum\vm.h">
      <Filter>Header Files</Filter>
    </ClInclude>
    <ClInclude Include="..\ovum\object.h">
      <Filter>Header Files</Filter>
    </ClInclude>
    <ClInclude Include="..\ovum\function.h">
      <Filter>Header Files</Filter>
    </ClInclude>
    <ClInclude Include="..\ovum\operation.h">
      <Filter>Header Files</Filter>
    </ClInclude>
    <ClInclude Include="..\ovum\type.h">
      <Filter>Header Files</Filter>
    </ClInclude>
    <ClInclude Include="..\ovum\lexer.h">
      <Filter>Header Files</Filter>
    </ClInclude>
    <ClInclude Include="..\ovum\exception.h">
      <Filter>Header Files</Filter>
    </ClInclude>
    <ClInclude Include="..\ovum\file.h">
      <Filter>Header Files</Filter>
    </ClInclude>
    <ClInclude Include="..\ovum\stream.h">
      <Filter>Header Files</Filter>
    </ClInclude>
    <ClInclude Include="..\ovum\egg-tokenizer.h">
      <Filter>Header Files</Filter>
    </ClInclude>
    <ClInclude Include="..\ovum\eon-tokenizer.h">
      <Filter>Header Files</Filter>
    </ClInclude>
    <ClInclude Include="..\ovum\json-tokenizer.h">
      <Filter>Header Files</Filter>
    </ClInclude>
    <ClInclude Include="..\ovum\egg-parser.h">
      <Filter>Header Files</Filter>
    </ClInclude>
    <ClInclude Include="..\ovum\egg-compiler.h">
      <Filter>Header Files</Filter>
    </ClInclude>
    <ClInclude Include="..\ovum\version.h">
      <Filter>Header Files</Filter>
    </ClInclude>
    <ClInclude Include="..\ovum\os-memory.h">
      <Filter>Header Files</Filter>
    </ClInclude>
    <ClInclude Include="..\ovum\os-file.h">
      <Filter>Header Files</Filter>
    </ClInclude>
    <ClInclude Include="..\ovum\os-process.h">
      <Filter>Header Files</Filter>
    </ClInclude>
    <ClInclude Include="..\ovum\os-embed.h">
      <Filter>Header Files</Filter>
    </ClInclude>
  </ItemGroup>
  <ItemGroup>
    <Natvis Include="ovum.natvis" />
  </ItemGroup>
</Project>