<?xml version="1.0" encoding="utf-8"?>
<Project ToolsVersion="4.0" xmlns="http://schemas.microsoft.com/developer/msbuild/2003">
  <ItemGroup>
    <Filter Include="Test Files">
      <UniqueIdentifier>{f8183c1a-ec54-45fd-ba1d-9f1205a078b1}</UniqueIdentifier>
      <Extensions>.cpp</Extensions>
    </Filter>
    <Filter Include="Data Files">
      <UniqueIdentifier>{62480aea-55fa-4339-b09f-0f4edfb4dfae}</UniqueIdentifier>
    </Filter>
    <Filter Include="Infrastructure Files">
      <UniqueIdentifier>{f0a684c1-52a5-44a3-b1ff-08cb43a7d0e9}</UniqueIdentifier>
    </Filter>
    <Filter Include="Test Scripts">
      <UniqueIdentifier>{5a94480c-c1c0-4f87-ae70-ece0f8ebcf01}</UniqueIdentifier>
    </Filter>
  </ItemGroup>
  <ItemGroup>
    <ClCompile Include="yolk-test.pch.cpp">
      <Filter>Infrastructure Files</Filter>
    </ClCompile>
    <ClCompile Include="..\ovum\test\gtest.cpp">
      <Filter>Infrastructure Files</Filter>
    </ClCompile>
    <ClCompile Include="..\yolk\test\test-eon-tokenizer.cpp">
      <Filter>Test Files</Filter>
    </ClCompile>
    <ClCompile Include="..\yolk\test\test-egg-tokenizer.cpp">
      <Filter>Test Files</Filter>
    </ClCompile>
    <ClCompile Include="..\yolk\test\test-exceptions.cpp">
      <Filter>Test Files</Filter>
    </ClCompile>
    <ClCompile Include="..\yolk\test\test-files.cpp">
      <Filter>Test Files</Filter>
    </ClCompile>
    <ClCompile Include="..\yolk\test\test-json-tokenizer.cpp">
      <Filter>Test Files</Filter>
    </ClCompile>
    <ClCompile Include="..\yolk\test\test-lang.cpp">
      <Filter>Test Files</Filter>
    </ClCompile>
    <ClCompile Include="..\yolk\test\test-lexers.cpp">
      <Filter>Test Files</Filter>
    </ClCompile>
    <ClCompile Include="..\yolk\test\test-streams.cpp">
      <Filter>Test Files</Filter>
    </ClCompile>
    <ClCompile Include="..\yolk\test\test-strings.cpp">
      <Filter>Test Files</Filter>
    </ClCompile>
    <ClCompile Include="..\yolk\test\test-utf.cpp">
      <Filter>Test Files</Filter>
    </ClCompile>
    <ClCompile Include="..\yolk\test\test-utility.cpp">
      <Filter>Test Files</Filter>
    </ClCompile>
    <ClCompile Include="..\yolk\test\test-scripts.cpp">
      <Filter>Test Files</Filter>
    </ClCompile>
    <ClCompile Include="..\yolk\test\test-compiler.cpp">
      <Filter>Test Files</Filter>
    </ClCompile>
  </ItemGroup>
  <ItemGroup>
    <ClInclude Include="..\ovum\test\etest.h">
      <Filter>Infrastructure Files</Filter>
    </ClInclude>
    <ClInclude Include="..\ovum\test\gtest.h">
      <Filter>Infrastructure Files</Filter>
    </ClInclude>
  </ItemGroup>
  <ItemGroup>
    <None Include="..\yolk\test\data\example.eon">
      <Filter>Data Files</Filter>
    </None>
    <None Include="..\yolk\test\data\example.egg">
      <Filter>Data Files</Filter>
    </None>
    <None Include="..\yolk\test\data\example.json">
      <Filter>Data Files</Filter>
    </None>
    <None Include="..\yolk\test\scripts\test-0001.egg">
      <Filter>Test Scripts</Filter>
    </None>
  </ItemGroup>
  <ItemGroup>
    <Text Include="..\yolk\test\data\utf-8-demo.bom.txt">
      <Filter>Data Files</Filter>
    </Text>
    <Text Include="..\yolk\test\data\utf-8-demo.cr.txt">
      <Filter>Data Files</Filter>
    </Text>
    <Text Include="..\yolk\test\data\utf-8-demo.lf.txt">
      <Filter>Data Files</Filter>
    </Text>
    <Text Include="..\yolk\test\data\utf-8-demo.txt">
      <Filter>Data Files</Filter>
    </Text>
  </ItemGroup>
</Project>