<?xml version="1.0" encoding="utf-8"?>
<Project ToolsVersion="4.0" xmlns="http://schemas.microsoft.com/developer/msbuild/2003">
  <ItemGroup>
    <Filter Include="Test Files">
      <UniqueIdentifier>{f8183c1a-ec54-45fd-ba1d-9f1205a078b1}</UniqueIdentifier>
      <Extensions>.cpp</Extensions>
    </Filter>
    <Filter Include="Example Files">
      <UniqueIdentifier>{5a94480c-c1c0-4f87-ae70-ece0f8ebcf01}</UniqueIdentifier>
    </Filter>
    <Filter Include="Data Files">
      <UniqueIdentifier>{62480aea-55fa-4339-b09f-0f4edfb4dfae}</UniqueIdentifier>
    </Filter>
    <Filter Include="Infrastructure Files">
      <UniqueIdentifier>{f0a684c1-52a5-44a3-b1ff-08cb43a7d0e9}</UniqueIdentifier>
    </Filter>
  </ItemGroup>
  <ItemGroup>
    <ClCompile Include="yolk-test.pch.cpp">
      <Filter>Infrastructure Files</Filter>
    </ClCompile>
    <ClCompile Include="..\ovum\test\gtest.cpp">
      <Filter>Infrastructure Files</Filter>
    </ClCompile>
    <ClCompile Include="..\yolk\test\egged-tokenizer.cpp">
      <Filter>Test Files</Filter>
    </ClCompile>
    <ClCompile Include="..\yolk\test\egg-engine.cpp">
      <Filter>Test Files</Filter>
    </ClCompile>
    <ClCompile Include="..\yolk\test\egg-parser.cpp">
      <Filter>Test Files</Filter>
    </ClCompile>
    <ClCompile Include="..\yolk\test\egg-syntax.cpp">
      <Filter>Test Files</Filter>
    </ClCompile>
    <ClCompile Include="..\yolk\test\egg-tokenizer.cpp">
      <Filter>Test Files</Filter>
    </ClCompile>
    <ClCompile Include="..\yolk\test\examples.cpp">
      <Filter>Test Files</Filter>
    </ClCompile>
    <ClCompile Include="..\yolk\test\exceptions.cpp">
      <Filter>Test Files</Filter>
    </ClCompile>
    <ClCompile Include="..\yolk\test\files.cpp">
      <Filter>Test Files</Filter>
    </ClCompile>
    <ClCompile Include="..\yolk\test\json-tokenizer.cpp">
      <Filter>Test Files</Filter>
    </ClCompile>
    <ClCompile Include="..\yolk\test\lang.cpp">
      <Filter>Test Files</Filter>
    </ClCompile>
    <ClCompile Include="..\yolk\test\lexers.cpp">
      <Filter>Test Files</Filter>
    </ClCompile>
    <ClCompile Include="..\yolk\test\streams.cpp">
      <Filter>Test Files</Filter>
    </ClCompile>
    <ClCompile Include="..\yolk\test\strings.cpp">
      <Filter>Test Files</Filter>
    </ClCompile>
    <ClCompile Include="..\yolk\test\utf.cpp">
      <Filter>Test Files</Filter>
    </ClCompile>
    <ClCompile Include="..\yolk\test\utility.cpp">
      <Filter>Test Files</Filter>
    </ClCompile>
  </ItemGroup>
  <ItemGroup>
    <ClInclude Include="..\ovum\test\etest.h">
      <Filter>Infrastructure Files</Filter>
    </ClInclude>
    <ClInclude Include="..\ovum\test\gtest.h">
      <Filter>Infrastructure Files</Filter>
    </ClInclude>
    <ClInclude Include="..\yolk\test\etest.h">
      <Filter>Test Files</Filter>
    </ClInclude>
  </ItemGroup>
</Project>